
Microsoft Visual Studio Solution File, Format Version 12.00
# Visual Studio Version 17
VisualStudioVersion = 17.3.32922.545
MinimumVisualStudioVersion = 10.0.40219.1
Project("{FAE04EC0-301F-11D3-BF4B-00C04F79EFBC}") = "Spotify.Core", "Spotify.Core\Spotify.Core.csproj", "{0A841940-92FD-4508-8B19-E120F6A52731}"
EndProject
Global
	GlobalSection(SolutionConfigurationPlatforms) = preSolution
		Debug|Any CPU = Debug|Any CPU
		Release|Any CPU = Release|Any CPU
	EndGlobalSection
	GlobalSection(ProjectConfigurationPlatforms) = postSolution
		{0A841940-92FD-4508-8B19-E120F6A52731}.Debug|Any CPU.ActiveCfg = Debug|Any CPU
		{0A841940-92FD-4508-8B19-E120F6A52731}.Debug|Any CPU.Build.0 = Debug|Any CPU
		{0A841940-92FD-4508-8B19-E120F6A52731}.Release|Any CPU.ActiveCfg = Release|Any CPU
		{0A841940-92FD-4508-8B19-E120F6A52731}.Release|Any CPU.Build.0 = Release|Any CPU
	EndGlobalSection
	GlobalSection(SolutionProperties) = preSolution
		HideSolutionNode = FALSE
	EndGlobalSection
	GlobalSection(ExtensibilityGlobals) = postSolution
		SolutionGuid = {68A41F17-5C46-4204-8E37-E137A1B58D36}
	EndGlobalSection
EndGlobal
