
Microsoft Visual Studio Solution File, Format Version 12.00
# Visual Studio Version 17
VisualStudioVersion = 17.3.32922.545
MinimumVisualStudioVersion = 10.0.40219.1
Project("{9A19103F-16F7-4668-BE54-9A1E7A4F7556}") = "Spotify.Core", "Spotify.Core\Spotify.Core.csproj", "{0A841940-92FD-4508-8B19-E120F6A52731}"
EndProject
Project("{9A19103F-16F7-4668-BE54-9A1E7A4F7556}") = "Spotify.ConsoleApp", "Spotify.ConsoleApp\Spotify.ConsoleApp.csproj", "{D73DFED1-14B2-4564-9528-974D64D8022E}"
EndProject
Project("{9A19103F-16F7-4668-BE54-9A1E7A4F7556}") = "Spotify.Tests", "Spotify.Tests\Spotify.Tests.csproj", "{A808C331-4398-4861-A086-4347516D407C}"
EndProject
Project("{FAE04EC0-301F-11D3-BF4B-00C04F79EFBC}") = "Spotify.Web", "Spotify.Web\Spotify.Web.csproj", "{956CB725-1FDE-41DF-B2CA-2358C4920321}"
EndProject
Global
	GlobalSection(SolutionConfigurationPlatforms) = preSolution
		Debug|Any CPU = Debug|Any CPU
		Release|Any CPU = Release|Any CPU
	EndGlobalSection
	GlobalSection(ProjectConfigurationPlatforms) = postSolution
		{0A841940-92FD-4508-8B19-E120F6A52731}.Debug|Any CPU.ActiveCfg = Debug|Any CPU
		{0A841940-92FD-4508-8B19-E120F6A52731}.Debug|Any CPU.Build.0 = Debug|Any CPU
		{0A841940-92FD-4508-8B19-E120F6A52731}.Release|Any CPU.ActiveCfg = Release|Any CPU
		{0A841940-92FD-4508-8B19-E120F6A52731}.Release|Any CPU.Build.0 = Release|Any CPU
		{D73DFED1-14B2-4564-9528-974D64D8022E}.Debug|Any CPU.ActiveCfg = Debug|Any CPU
		{D73DFED1-14B2-4564-9528-974D64D8022E}.Debug|Any CPU.Build.0 = Debug|Any CPU
		{D73DFED1-14B2-4564-9528-974D64D8022E}.Release|Any CPU.ActiveCfg = Release|Any CPU
		{D73DFED1-14B2-4564-9528-974D64D8022E}.Release|Any CPU.Build.0 = Release|Any CPU
		{A808C331-4398-4861-A086-4347516D407C}.Debug|Any CPU.ActiveCfg = Debug|Any CPU
		{A808C331-4398-4861-A086-4347516D407C}.Debug|Any CPU.Build.0 = Debug|Any CPU
		{A808C331-4398-4861-A086-4347516D407C}.Release|Any CPU.ActiveCfg = Release|Any CPU
		{A808C331-4398-4861-A086-4347516D407C}.Release|Any CPU.Build.0 = Release|Any CPU
		{956CB725-1FDE-41DF-B2CA-2358C4920321}.Debug|Any CPU.ActiveCfg = Debug|Any CPU
		{956CB725-1FDE-41DF-B2CA-2358C4920321}.Debug|Any CPU.Build.0 = Debug|Any CPU
		{956CB725-1FDE-41DF-B2CA-2358C4920321}.Release|Any CPU.ActiveCfg = Release|Any CPU
		{956CB725-1FDE-41DF-B2CA-2358C4920321}.Release|Any CPU.Build.0 = Release|Any CPU
	EndGlobalSection
	GlobalSection(SolutionProperties) = preSolution
		HideSolutionNode = FALSE
	EndGlobalSection
	GlobalSection(ExtensibilityGlobals) = postSolution
		SolutionGuid = {68A41F17-5C46-4204-8E37-E137A1B58D36}
	EndGlobalSection
EndGlobal
